
Microsoft Visual Studio Solution File, Format Version 12.00
# Visual Studio 2013
VisualStudioVersion = 12.0.30723.0
MinimumVisualStudioVersion = 10.0.40219.1
Project("{FAE04EC0-301F-11D3-BF4B-00C04F79EFBC}") = "AzurePageBlobStream", "AzurePageBlobStream\AzurePageBlobStream.csproj", "{66C4B147-8334-4672-B3C9-486AA479BC76}"
EndProject
Project("{FAE04EC0-301F-11D3-BF4B-00C04F79EFBC}") = "AzurePageBlobStream.Tests", "AzurePageBlobStream.Tests\AzurePageBlobStream.Tests.csproj", "{D803AC8D-0BDC-43A7-80BB-ED960898D8BB}"
EndProject
Global
	GlobalSection(SolutionConfigurationPlatforms) = preSolution
		Debug|Any CPU = Debug|Any CPU
		Release|Any CPU = Release|Any CPU
	EndGlobalSection
	GlobalSection(ProjectConfigurationPlatforms) = postSolution
		{66C4B147-8334-4672-B3C9-486AA479BC76}.Debug|Any CPU.ActiveCfg = Debug|Any CPU
		{66C4B147-8334-4672-B3C9-486AA479BC76}.Debug|Any CPU.Build.0 = Debug|Any CPU
		{66C4B147-8334-4672-B3C9-486AA479BC76}.Release|Any CPU.ActiveCfg = Release|Any CPU
		{66C4B147-8334-4672-B3C9-486AA479BC76}.Release|Any CPU.Build.0 = Release|Any CPU
		{D803AC8D-0BDC-43A7-80BB-ED960898D8BB}.Debug|Any CPU.ActiveCfg = Debug|Any CPU
		{D803AC8D-0BDC-43A7-80BB-ED960898D8BB}.Debug|Any CPU.Build.0 = Debug|Any CPU
		{D803AC8D-0BDC-43A7-80BB-ED960898D8BB}.Release|Any CPU.ActiveCfg = Release|Any CPU
		{D803AC8D-0BDC-43A7-80BB-ED960898D8BB}.Release|Any CPU.Build.0 = Release|Any CPU
	EndGlobalSection
	GlobalSection(SolutionProperties) = preSolution
		HideSolutionNode = FALSE
	EndGlobalSection
EndGlobal
